
Microsoft Visual Studio Solution File, Format Version 12.00
# Visual Studio Version 17
VisualStudioVersion = 17.14.36518.9 d17.14
MinimumVisualStudioVersion = 10.0.40219.1
Project("{FAE04EC0-301F-11D3-BF4B-00C04F79EFBC}") = "HotelBooker.Api", "HotelBooker.Api\HotelBooker.Api.csproj", "{70A892A8-4367-45BC-A4C4-3547BFAF622C}"
EndProject
Global
	GlobalSection(SolutionConfigurationPlatforms) = preSolution
		Debug|Any CPU = Debug|Any CPU
		Release|Any CPU = Release|Any CPU
	EndGlobalSection
	GlobalSection(ProjectConfigurationPlatforms) = postSolution
		{70A892A8-4367-45BC-A4C4-3547BFAF622C}.Debug|Any CPU.ActiveCfg = Debug|Any CPU
		{70A892A8-4367-45BC-A4C4-3547BFAF622C}.Debug|Any CPU.Build.0 = Debug|Any CPU
		{70A892A8-4367-45BC-A4C4-3547BFAF622C}.Release|Any CPU.ActiveCfg = Release|Any CPU
		{70A892A8-4367-45BC-A4C4-3547BFAF622C}.Release|Any CPU.Build.0 = Release|Any CPU
	EndGlobalSection
	GlobalSection(SolutionProperties) = preSolution
		HideSolutionNode = FALSE
	EndGlobalSection
	GlobalSection(ExtensibilityGlobals) = postSolution
		SolutionGuid = {BDF6231B-8923-4CFF-B68C-6A8E883BA889}
	EndGlobalSection
EndGlobal
