
Microsoft Visual Studio Solution File, Format Version 12.00
# Visual Studio Version 17
VisualStudioVersion = 17.14.36518.9
MinimumVisualStudioVersion = 10.0.40219.1
Project("{FAE04EC0-301F-11D3-BF4B-00C04F79EFBC}") = "HotelBooker.Api", "HotelBooker.Api\HotelBooker.Api.csproj", "{70A892A8-4367-45BC-A4C4-3547BFAF622C}"
EndProject
Project("{FAE04EC0-301F-11D3-BF4B-00C04F79EFBC}") = "HotelBooker.Domain", "HotelBooker.Domain\HotelBooker.Domain.csproj", "{86E5797B-332A-41E2-9215-55B8F3BDA079}"
EndProject
Project("{FAE04EC0-301F-11D3-BF4B-00C04F79EFBC}") = "HotelBooker.Application", "HotelBooker.Application\HotelBooker.Application.csproj", "{C37BB377-2B86-4622-9593-7201FF1A65EE}"
EndProject
Project("{FAE04EC0-301F-11D3-BF4B-00C04F79EFBC}") = "HotelBooker.Infrastructure", "HotelBooker.Infrastructure\HotelBooker.Infrastructure.csproj", "{14962768-04E6-4A73-928E-9E4DB51E93E9}"
EndProject
Global
	GlobalSection(SolutionConfigurationPlatforms) = preSolution
		Debug|Any CPU = Debug|Any CPU
		Release|Any CPU = Release|Any CPU
	EndGlobalSection
	GlobalSection(ProjectConfigurationPlatforms) = postSolution
		{70A892A8-4367-45BC-A4C4-3547BFAF622C}.Debug|Any CPU.ActiveCfg = Debug|Any CPU
		{70A892A8-4367-45BC-A4C4-3547BFAF622C}.Debug|Any CPU.Build.0 = Debug|Any CPU
		{70A892A8-4367-45BC-A4C4-3547BFAF622C}.Release|Any CPU.ActiveCfg = Release|Any CPU
		{70A892A8-4367-45BC-A4C4-3547BFAF622C}.Release|Any CPU.Build.0 = Release|Any CPU
		{86E5797B-332A-41E2-9215-55B8F3BDA079}.Debug|Any CPU.ActiveCfg = Debug|Any CPU
		{86E5797B-332A-41E2-9215-55B8F3BDA079}.Debug|Any CPU.Build.0 = Debug|Any CPU
		{86E5797B-332A-41E2-9215-55B8F3BDA079}.Release|Any CPU.ActiveCfg = Release|Any CPU
		{86E5797B-332A-41E2-9215-55B8F3BDA079}.Release|Any CPU.Build.0 = Release|Any CPU
		{C37BB377-2B86-4622-9593-7201FF1A65EE}.Debug|Any CPU.ActiveCfg = Debug|Any CPU
		{C37BB377-2B86-4622-9593-7201FF1A65EE}.Debug|Any CPU.Build.0 = Debug|Any CPU
		{C37BB377-2B86-4622-9593-7201FF1A65EE}.Release|Any CPU.ActiveCfg = Release|Any CPU
		{C37BB377-2B86-4622-9593-7201FF1A65EE}.Release|Any CPU.Build.0 = Release|Any CPU
		{14962768-04E6-4A73-928E-9E4DB51E93E9}.Debug|Any CPU.ActiveCfg = Debug|Any CPU
		{14962768-04E6-4A73-928E-9E4DB51E93E9}.Debug|Any CPU.Build.0 = Debug|Any CPU
		{14962768-04E6-4A73-928E-9E4DB51E93E9}.Release|Any CPU.ActiveCfg = Release|Any CPU
		{14962768-04E6-4A73-928E-9E4DB51E93E9}.Release|Any CPU.Build.0 = Release|Any CPU
	EndGlobalSection
	GlobalSection(SolutionProperties) = preSolution
		HideSolutionNode = FALSE
	EndGlobalSection
	GlobalSection(ExtensibilityGlobals) = postSolution
		SolutionGuid = {BDF6231B-8923-4CFF-B68C-6A8E883BA889}
	EndGlobalSection
EndGlobal
